
Microsoft Visual Studio Solution File, Format Version 12.00
# Visual Studio Version 16
VisualStudioVersion = 16.0.31112.23
MinimumVisualStudioVersion = 10.0.40219.1
Project("{FAE04EC0-301F-11D3-BF4B-00C04F79EFBC}") = "MyPocForMasking", "MyPocForMasking\MyPocForMasking.csproj", "{4E384E64-1452-4A04-B4DD-538F9AA3D27A}"
EndProject
Project("{FAE04EC0-301F-11D3-BF4B-00C04F79EFBC}") = "JsonMasking", "JsonMasking\JsonMasking.csproj", "{BBAD5C87-B616-49BA-87EC-EC9A3CC14033}"
EndProject
Global
	GlobalSection(SolutionConfigurationPlatforms) = preSolution
		Debug|Any CPU = Debug|Any CPU
		Release|Any CPU = Release|Any CPU
	EndGlobalSection
	GlobalSection(ProjectConfigurationPlatforms) = postSolution
		{4E384E64-1452-4A04-B4DD-538F9AA3D27A}.Debug|Any CPU.ActiveCfg = Debug|Any CPU
		{4E384E64-1452-4A04-B4DD-538F9AA3D27A}.Debug|Any CPU.Build.0 = Debug|Any CPU
		{4E384E64-1452-4A04-B4DD-538F9AA3D27A}.Release|Any CPU.ActiveCfg = Release|Any CPU
		{4E384E64-1452-4A04-B4DD-538F9AA3D27A}.Release|Any CPU.Build.0 = Release|Any CPU
		{BBAD5C87-B616-49BA-87EC-EC9A3CC14033}.Debug|Any CPU.ActiveCfg = Debug|Any CPU
		{BBAD5C87-B616-49BA-87EC-EC9A3CC14033}.Debug|Any CPU.Build.0 = Debug|Any CPU
		{BBAD5C87-B616-49BA-87EC-EC9A3CC14033}.Release|Any CPU.ActiveCfg = Release|Any CPU
		{BBAD5C87-B616-49BA-87EC-EC9A3CC14033}.Release|Any CPU.Build.0 = Release|Any CPU
	EndGlobalSection
	GlobalSection(SolutionProperties) = preSolution
		HideSolutionNode = FALSE
	EndGlobalSection
	GlobalSection(ExtensibilityGlobals) = postSolution
		SolutionGuid = {12724750-FF07-4FDA-B33A-CDB9E7680019}
	EndGlobalSection
EndGlobal
